// !$*UTF8*$!
{
	archiveVersion = 1;
	classes = {
	};
	objectVersion = 46;
	objects = {

/* Begin PBXBuildFile section */
		18046ACB1E88E96500B24D48 /* AppDelegate.swift in Sources */ = {isa = PBXBuildFile; fileRef = 18046ACA1E88E96500B24D48 /* AppDelegate.swift */; };
		18046ACD1E88E96500B24D48 /* ViewController.swift in Sources */ = {isa = PBXBuildFile; fileRef = 18046ACC1E88E96500B24D48 /* ViewController.swift */; };
		18046AD01E88E96500B24D48 /* Main.storyboard in Resources */ = {isa = PBXBuildFile; fileRef = 18046ACE1E88E96500B24D48 /* Main.storyboard */; };
		18046AD21E88E96500B24D48 /* Assets.xcassets in Resources */ = {isa = PBXBuildFile; fileRef = 18046AD11E88E96500B24D48 /* Assets.xcassets */; };
		18046AD51E88E96500B24D48 /* LaunchScreen.storyboard in Resources */ = {isa = PBXBuildFile; fileRef = 18046AD31E88E96500B24D48 /* LaunchScreen.storyboard */; };
/* End PBXBuildFile section */

/* Begin PBXFileReference section */
		18046AC71E88E96500B24D48 /* LA.app */ = {isa = PBXFileReference; explicitFileType = wrapper.application; includeInIndex = 0; path = LA.app; sourceTree = BUILT_PRODUCTS_DIR; };
		18046ACA1E88E96500B24D48 /* AppDelegate.swift */ = {isa = PBXFileReference; lastKnownFileType = sourcecode.swift; path = AppDelegate.swift; sourceTree = "<group>"; };
		18046ACC1E88E96500B24D48 /* ViewController.swift */ = {isa = PBXFileReference; lastKnownFileType = sourcecode.swift; path = ViewController.swift; sourceTree = "<group>"; };
		18046ACF1E88E96500B24D48 /* Base */ = {isa = PBXFileReference; lastKnownFileType = file.storyboard; name = Base; path = Base.lproj/Main.storyboard; sourceTree = "<group>"; };
		18046AD11E88E96500B24D48 /* Assets.xcassets */ = {isa = PBXFileReference; lastKnownFileType = folder.assetcatalog; path = Assets.xcassets; sourceTree = "<group>"; };
		18046AD41E88E96500B24D48 /* Base */ = {isa = PBXFileReference; lastKnownFileType = file.storyboard; name = Base; path = Base.lproj/LaunchScreen.storyboard; sourceTree = "<group>"; };
		18046AD61E88E96500B24D48 /* Info.plist */ = {isa = PBXFileReference; lastKnownFileType = text.plist.xml; path = Info.plist; sourceTree = "<group>"; };
/* End PBXFileReference section */

/* Begin PBXFrameworksBuildPhase section */
		18046AC41E88E96500B24D48 /* Frameworks */ = {
			isa = PBXFrameworksBuildPhase;
			buildActionMask = 2147483647;
			files = (
			);
			runOnlyForDeploymentPostprocessing = 0;
		};
/* End PBXFrameworksBuildPhase section */

/* Begin PBXGroup section */
		18046ABE1E88E96500B24D48 = {
			isa = PBXGroup;
			children = (
				18046AC91E88E96500B24D48 /* LA */,
				18046AC81E88E96500B24D48 /* Products */,
			);
			sourceTree = "<group>";
		};
		18046AC81E88E96500B24D48 /* Products */ = {
			isa = PBXGroup;
			children = (
				18046AC71E88E96500B24D48 /* LA.app */,
			);
			name = Products;
			sourceTree = "<group>";
		};
		18046AC91E88E96500B24D48 /* LA */ = {
			isa = PBXGroup;
			children = (
				18046ACA1E88E96500B24D48 /* AppDelegate.swift */,
				18046ACC1E88E96500B24D48 /* ViewController.swift */,
				18046ACE1E88E96500B24D48 /* Main.storyboard */,
				18046AD11E88E96500B24D48 /* Assets.xcassets */,
				18046AD31E88E96500B24D48 /* LaunchScreen.storyboard */,
				18046AD61E88E96500B24D48 /* Info.plist */,
			);
			path = LA;
			sourceTree = "<group>";
		};
/* End PBXGroup section */

/* Begin PBXNativeTarget section */
		18046AC61E88E96500B24D48 /* LA */ = {
			isa = PBXNativeTarget;
			buildConfigurationList = 18046AD91E88E96500B24D48 /* Build configuration list for PBXNativeTarget "LA" */;
			buildPhases = (
				18046AC31E88E96500B24D48 /* Sources */,
				18046AC41E88E96500B24D48 /* Frameworks */,
				18046AC51E88E96500B24D48 /* Resources */,
			);
			buildRules = (
			);
			dependencies = (
			);
			name = LA;
			productName = LA;
			productReference = 18046AC71E88E96500B24D48 /* LA.app */;
			productType = "com.apple.product-type.application";
		};
/* End PBXNativeTarget section */

/* Begin PBXProject section */
		18046ABF1E88E96500B24D48 /* Project object */ = {
			isa = PBXProject;
			attributes = {
				LastSwiftUpdateCheck = 0820;
				LastUpgradeCheck = 0820;
				ORGANIZATIONNAME = ovfun;
				TargetAttributes = {
					18046AC61E88E96500B24D48 = {
						CreatedOnToolsVersion = 8.2.1;
						DevelopmentTeam = 3JC5559JR3;
						ProvisioningStyle = Automatic;
					};
				};
			};
			buildConfigurationList = 18046AC21E88E96500B24D48 /* Build configuration list for PBXProject "LA" */;
			compatibilityVersion = "Xcode 3.2";
			developmentRegion = English;
			hasScannedForEncodings = 0;
			knownRegions = (
				en,
				Base,
			);
			mainGroup = 18046ABE1E88E96500B24D48;
			productRefGroup = 18046AC81E88E96500B24D48 /* Products */;
			projectDirPath = "";
			projectRoot = "";
			targets = (
				18046AC61E88E96500B24D48 /* LA */,
			);
		};
/* End PBXProject section */

/* Begin PBXResourcesBuildPhase section */
		18046AC51E88E96500B24D48 /* Resources */ = {
			isa = PBXResourcesBuildPhase;
			buildActionMask = 2147483647;
			files = (
				18046AD51E88E96500B24D48 /* LaunchScreen.storyboard in Resources */,
				18046AD21E88E96500B24D48 /* Assets.xcassets in Resources */,
				18046AD01E88E96500B24D48 /* Main.storyboard in Resources */,
			);
			runOnlyForDeploymentPostprocessing = 0;
		};
/* End PBXResourcesBuildPhase section */

/* Begin PBXSourcesBuildPhase section */
		18046AC31E88E96500B24D48 /* Sources */ = {
			isa = PBXSourcesBuildPhase;
			buildActionMask = 2147483647;
			files = (
				18046ACD1E88E96500B24D48 /* ViewController.swift in Sources */,
				18046ACB1E88E96500B24D48 /* AppDelegate.swift in Sources */,
			);
			runOnlyForDeploymentPostprocessing = 0;
		};
/* End PBXSourcesBuildPhase section */

/* Begin PBXVariantGroup section */
		18046ACE1E88E96500B24D48 /* Main.storyboard */ = {
			isa = PBXVariantGroup;
			children = (
				18046ACF1E88E96500B24D48 /* Base */,
			);
			name = Main.storyboard;
			sourceTree = "<group>";
		};
		18046AD31E88E96500B24D48 /* LaunchScreen.storyboard */ = {
			isa = PBXVariantGroup;
			children = (
				18046AD41E88E96500B24D48 /* Base */,
			);
			name = LaunchScreen.storyboard;
			sourceTree = "<group>";
		};
/* End PBXVariantGroup section */

/* Begin XCBuildConfiguration section */
		18046AD71E88E96500B24D48 /* Debug */ = {
			isa = XCBuildConfiguration;
			buildSettings = {
				ALWAYS_SEARCH_USER_PATHS = NO;
				CLANG_ANALYZER_NONNULL = YES;
				CLANG_CXX_LANGUAGE_STANDARD = "gnu++0x";
				CLANG_CXX_LIBRARY = "libc++";
				CLANG_ENABLE_MODULES = YES;
				CLANG_ENABLE_OBJC_ARC = YES;
				CLANG_WARN_BOOL_CONVERSION = YES;
				CLANG_WARN_CONSTANT_CONVERSION = YES;
				CLANG_WARN_DIRECT_OBJC_ISA_USAGE = YES_ERROR;
				CLANG_WARN_DOCUMENTATION_COMMENTS = YES;
				CLANG_WARN_EMPTY_BODY = YES;
				CLANG_WARN_ENUM_CONVERSION = YES;
				CLANG_WARN_INFINITE_RECURSION = YES;
				CLANG_WARN_INT_CONVERSION = YES;
				CLANG_WARN_OBJC_ROOT_CLASS = YES_ERROR;
				CLANG_WARN_SUSPICIOUS_MOVE = YES;
				CLANG_WARN_UNREACHABLE_CODE = YES;
				CLANG_WARN__DUPLICATE_METHOD_MATCH = YES;
				"CODE_SIGN_IDENTITY[sdk=iphoneos*]" = "iPhone Developer";
				COPY_PHASE_STRIP = NO;
				DEBUG_INFORMATION_FORMAT = dwarf;
				ENABLE_STRICT_OBJC_MSGSEND = YES;
				ENABLE_TESTABILITY = YES;
				GCC_C_LANGUAGE_STANDARD = gnu99;
				GCC_DYNAMIC_NO_PIC = NO;
				GCC_NO_COMMON_BLOCKS = YES;
				GCC_OPTIMIZATION_LEVEL = 0;
				GCC_PREPROCESSOR_DEFINITIONS = (
					"DEBUG=1",
					"$(inherited)",
				);
				GCC_WARN_64_TO_32_BIT_CONVERSION = YES;
				GCC_WARN_ABOUT_RETURN_TYPE = YES_ERROR;
				GCC_WARN_UNDECLARED_SELECTOR = YES;
				GCC_WARN_UNINITIALIZED_AUTOS = YES_AGGRESSIVE;
				GCC_WARN_UNUSED_FUNCTION = YES;
				GCC_WARN_UNUSED_VARIABLE = YES;
				IPHONEOS_DEPLOYMENT_TARGET = 10.2;
				MTL_ENABLE_DEBUG_INFO = YES;
				ONLY_ACTIVE_ARCH = YES;
				SDKROOT = iphoneos;
				SWIFT_ACTIVE_COMPILATION_CONDITIONS = DEBUG;
				SWIFT_OPTIMIZATION_LEVEL = "-Onone";
			};
			name = Debug;
		};
		18046AD81E88E96500B24D48 /* Release */ = {
			isa = XCBuildConfiguration;
			buildSettings = {
				ALWAYS_SEARCH_USER_PATHS = NO;
				CLANG_ANALYZER_NONNULL = YES;
				CLANG_CXX_LANGUAGE_STANDARD = "gnu++0x";
				CLANG_CXX_LIBRARY = "libc++";
				CLANG_ENABLE_MODULES = YES;
				CLANG_ENABLE_OBJC_ARC = YES;
				CLANG_WARN_BOOL_CONVERSION = YES;
				CLANG_WARN_CONSTANT_CONVERSION = YES;
				CLANG_WARN_DIRECT_OBJC_ISA_USAGE = YES_ERROR;
				CLANG_WARN_DOCUMENTATION_COMMENTS = YES;
				CLANG_WARN_EMPTY_BODY = YES;
				CLANG_WARN_ENUM_CONVERSION = YES;
				CLANG_WARN_INFINITE_RECURSION = YES;
				CLANG_WARN_INT_CONVERSION = YES;
				CLANG_WARN_OBJC_ROOT_CLASS = YES_ERROR;
				CLANG_WARN_SUSPICIOUS_MOVE = YES;
				CLANG_WARN_UNREACHABLE_CODE = YES;
				CLANG_WARN__DUPLICATE_METHOD_MATCH = YES;
				"CODE_SIGN_IDENTITY[sdk=iphoneos*]" = "iPhone Developer";
				COPY_PHASE_STRIP = NO;
				DEBUG_INFORMATION_FORMAT = "dwarf-with-dsym";
				ENABLE_NS_ASSERTIONS = NO;
				ENABLE_STRICT_OBJC_MSGSEND = YES;
				GCC_C_LANGUAGE_STANDARD = gnu99;
				GCC_NO_COMMON_BLOCKS = YES;
				GCC_WARN_64_TO_32_BIT_CONVERSION = YES;
				GCC_WARN_ABOUT_RETURN_TYPE = YES_ERROR;
				GCC_WARN_UNDECLARED_SELECTOR = YES;
				GCC_WARN_UNINITIALIZED_AUTOS = YES_AGGRESSIVE;
				GCC_WARN_UNUSED_FUNCTION = YES;
				GCC_WARN_UNUSED_VARIABLE = YES;
				IPHONEOS_DEPLOYMENT_TARGET = 10.2;
				MTL_ENABLE_DEBUG_INFO = NO;
				SDKROOT = iphoneos;
				SWIFT_OPTIMIZATION_LEVEL = "-Owholemodule";
				VALIDATE_PRODUCT = YES;
			};
			name = Release;
		};
		18046ADA1E88E96500B24D48 /* Debug */ = {
			isa = XCBuildConfiguration;
			buildSettings = {
				ASSETCATALOG_COMPILER_APPICON_NAME = AppIcon;
				DEVELOPMENT_TEAM = 3JC5559JR3;
				INFOPLIST_FILE = LA/Info.plist;
				LD_RUNPATH_SEARCH_PATHS = "$(inherited) @executable_path/Frameworks";
				PRODUCT_BUNDLE_IDENTIFIER = com.ovfun.LA;
				PRODUCT_NAME = "$(TARGET_NAME)";
				SWIFT_VERSION = 3.0;
			};
			name = Debug;
		};
		18046ADB1E88E96500B24D48 /* Release */ = {
			isa = XCBuildConfiguration;
			buildSettings = {
				ASSETCATALOG_COMPILER_APPICON_NAME = AppIcon;
				DEVELOPMENT_TEAM = 3JC5559JR3;
				INFOPLIST_FILE = LA/Info.plist;
				LD_RUNPATH_SEARCH_PATHS = "$(inherited) @executable_path/Frameworks";
				PRODUCT_BUNDLE_IDENTIFIER = com.ovfun.LA;
				PRODUCT_NAME = "$(TARGET_NAME)";
				SWIFT_VERSION = 3.0;
			};
			name = Release;
		};
/* End XCBuildConfiguration section */

/* Begin XCConfigurationList section */
		18046AC21E88E96500B24D48 /* Build configuration list for PBXProject "LA" */ = {
			isa = XCConfigurationList;
			buildConfigurations = (
				18046AD71E88E96500B24D48 /* Debug */,
				18046AD81E88E96500B24D48 /* Release */,
			);
			defaultConfigurationIsVisible = 0;
			defaultConfigurationName = Release;
		};
		18046AD91E88E96500B24D48 /* Build configuration list for PBXNativeTarget "LA" */ = {
			isa = XCConfigurationList;
			buildConfigurations = (
				18046ADA1E88E96500B24D48 /* Debug */,
				18046ADB1E88E96500B24D48 /* Release */,
			);
			defaultConfigurationIsVisible = 0;
		};
/* End XCConfigurationList section */
	};
	rootObject = 18046ABF1E88E96500B24D48 /* Project object */;
}
